
Microsoft Visual Studio Solution File, Format Version 12.00
# Visual Studio 14
VisualStudioVersion = 14.0.25420.1
MinimumVisualStudioVersion = 10.0.40219.1
Project("{8BC9CEB8-8B4A-11D0-8D11-00A0C91BC942}") = "klb", "..\..\klb\proj\msvc2015\klb.vcxproj", "{59FAC04B-C1EC-4D11-9963-C7B70956DC4D}"
EndProject
Project("{8BC9CEB8-8B4A-11D0-8D11-00A0C91BC942}") = "sdl_dev", "..\..\klb\proj\msvc2015\sdl_dev.vcxproj", "{4A91CE0D-F469-4E9F-8611-5C252582BDE7}"
EndProject
Project("{8BC9CEB8-8B4A-11D0-8D11-00A0C91BC942}") = "ahb7004t", "ahb7004t.vcxproj", "{CF19FB3E-9E1A-4C80-B663-E1011867072B}"
EndProject
Global
	GlobalSection(SolutionConfigurationPlatforms) = preSolution
		Debug|x64 = Debug|x64
		Debug|x86 = Debug|x86
		Release|x64 = Release|x64
		Release|x86 = Release|x86
	EndGlobalSection
	GlobalSection(ProjectConfigurationPlatforms) = postSolution
		{59FAC04B-C1EC-4D11-9963-C7B70956DC4D}.Debug|x64.ActiveCfg = Debug|x64
		{59FAC04B-C1EC-4D11-9963-C7B70956DC4D}.Debug|x64.Build.0 = Debug|x64
		{59FAC04B-C1EC-4D11-9963-C7B70956DC4D}.Debug|x86.ActiveCfg = Debug|Win32
		{59FAC04B-C1EC-4D11-9963-C7B70956DC4D}.Debug|x86.Build.0 = Debug|Win32
		{59FAC04B-C1EC-4D11-9963-C7B70956DC4D}.Release|x64.ActiveCfg = Release|x64
		{59FAC04B-C1EC-4D11-9963-C7B70956DC4D}.Release|x64.Build.0 = Release|x64
		{59FAC04B-C1EC-4D11-9963-C7B70956DC4D}.Release|x86.ActiveCfg = Release|Win32
		{59FAC04B-C1EC-4D11-9963-C7B70956DC4D}.Release|x86.Build.0 = Release|Win32
		{4A91CE0D-F469-4E9F-8611-5C252582BDE7}.Debug|x64.ActiveCfg = Debug|x64
		{4A91CE0D-F469-4E9F-8611-5C252582BDE7}.Debug|x64.Build.0 = Debug|x64
		{4A91CE0D-F469-4E9F-8611-5C252582BDE7}.Debug|x86.ActiveCfg = Debug|Win32
		{4A91CE0D-F469-4E9F-8611-5C252582BDE7}.Debug|x86.Build.0 = Debug|Win32
		{4A91CE0D-F469-4E9F-8611-5C252582BDE7}.Release|x64.ActiveCfg = Release|x64
		{4A91CE0D-F469-4E9F-8611-5C252582BDE7}.Release|x64.Build.0 = Release|x64
		{4A91CE0D-F469-4E9F-8611-5C252582BDE7}.Release|x86.ActiveCfg = Release|Win32
		{4A91CE0D-F469-4E9F-8611-5C252582BDE7}.Release|x86.Build.0 = Release|Win32
		{CF19FB3E-9E1A-4C80-B663-E1011867072B}.Debug|x64.ActiveCfg = Debug|x64
		{CF19FB3E-9E1A-4C80-B663-E1011867072B}.Debug|x64.Build.0 = Debug|x64
		{CF19FB3E-9E1A-4C80-B663-E1011867072B}.Debug|x86.ActiveCfg = Debug|Win32
		{CF19FB3E-9E1A-4C80-B663-E1011867072B}.Debug|x86.Build.0 = Debug|Win32
		{CF19FB3E-9E1A-4C80-B663-E1011867072B}.Release|x64.ActiveCfg = Release|x64
		{CF19FB3E-9E1A-4C80-B663-E1011867072B}.Release|x64.Build.0 = Release|x64
		{CF19FB3E-9E1A-4C80-B663-E1011867072B}.Release|x86.ActiveCfg = Release|Win32
		{CF19FB3E-9E1A-4C80-B663-E1011867072B}.Release|x86.Build.0 = Release|Win32
	EndGlobalSection
	GlobalSection(SolutionProperties) = preSolution
		HideSolutionNode = FALSE
	EndGlobalSection
EndGlobal
